// !$*UTF8*$!
{
	archiveVersion = 1;
	classes = {
	};
	objectVersion = 46;
	objects = {

/* Begin PBXBuildFile section */
		4A061C251A0C95EB00FCB249 /* AppDelegate.swift in Sources */ = {isa = PBXBuildFile; fileRef = 4A061C241A0C95EB00FCB249 /* AppDelegate.swift */; };
		4A061C271A0C95EB00FCB249 /* ViewController.swift in Sources */ = {isa = PBXBuildFile; fileRef = 4A061C261A0C95EB00FCB249 /* ViewController.swift */; };
		4A061C2A1A0C95EB00FCB249 /* Main.storyboard in Resources */ = {isa = PBXBuildFile; fileRef = 4A061C281A0C95EB00FCB249 /* Main.storyboard */; };
		4A061C2C1A0C95EB00FCB249 /* Images.xcassets in Resources */ = {isa = PBXBuildFile; fileRef = 4A061C2B1A0C95EB00FCB249 /* Images.xcassets */; };
		4A061C2F1A0C95EB00FCB249 /* LaunchScreen.xib in Resources */ = {isa = PBXBuildFile; fileRef = 4A061C2D1A0C95EB00FCB249 /* LaunchScreen.xib */; };
		4A061C3B1A0C95EB00FCB249 /* AgeOfLaikaTests.swift in Sources */ = {isa = PBXBuildFile; fileRef = 4A061C3A1A0C95EB00FCB249 /* AgeOfLaikaTests.swift */; };
/* End PBXBuildFile section */

/* Begin PBXContainerItemProxy section */
		4A061C351A0C95EB00FCB249 /* PBXContainerItemProxy */ = {
			isa = PBXContainerItemProxy;
			containerPortal = 4A061C171A0C95EB00FCB249 /* Project object */;
			proxyType = 1;
			remoteGlobalIDString = 4A061C1E1A0C95EB00FCB249;
			remoteInfo = AgeOfLaika;
		};
/* End PBXContainerItemProxy section */

/* Begin PBXFileReference section */
		4A061C1F1A0C95EB00FCB249 /* AgeOfLaika.app */ = {isa = PBXFileReference; explicitFileType = wrapper.application; includeInIndex = 0; path = AgeOfLaika.app; sourceTree = BUILT_PRODUCTS_DIR; };
		4A061C231A0C95EB00FCB249 /* Info.plist */ = {isa = PBXFileReference; lastKnownFileType = text.plist.xml; path = Info.plist; sourceTree = "<group>"; };
		4A061C241A0C95EB00FCB249 /* AppDelegate.swift */ = {isa = PBXFileReference; lastKnownFileType = sourcecode.swift; path = AppDelegate.swift; sourceTree = "<group>"; };
		4A061C261A0C95EB00FCB249 /* ViewController.swift */ = {isa = PBXFileReference; lastKnownFileType = sourcecode.swift; path = ViewController.swift; sourceTree = "<group>"; };
		4A061C291A0C95EB00FCB249 /* Base */ = {isa = PBXFileReference; lastKnownFileType = file.storyboard; name = Base; path = Base.lproj/Main.storyboard; sourceTree = "<group>"; };
		4A061C2B1A0C95EB00FCB249 /* Images.xcassets */ = {isa = PBXFileReference; lastKnownFileType = folder.assetcatalog; path = Images.xcassets; sourceTree = "<group>"; };
		4A061C2E1A0C95EB00FCB249 /* Base */ = {isa = PBXFileReference; lastKnownFileType = file.xib; name = Base; path = Base.lproj/LaunchScreen.xib; sourceTree = "<group>"; };
		4A061C341A0C95EB00FCB249 /* AgeOfLaikaTests.xctest */ = {isa = PBXFileReference; explicitFileType = wrapper.cfbundle; includeInIndex = 0; path = AgeOfLaikaTests.xctest; sourceTree = BUILT_PRODUCTS_DIR; };
		4A061C391A0C95EB00FCB249 /* Info.plist */ = {isa = PBXFileReference; lastKnownFileType = text.plist.xml; path = Info.plist; sourceTree = "<group>"; };
		4A061C3A1A0C95EB00FCB249 /* AgeOfLaikaTests.swift */ = {isa = PBXFileReference; lastKnownFileType = sourcecode.swift; path = AgeOfLaikaTests.swift; sourceTree = "<group>"; };
/* End PBXFileReference section */

/* Begin PBXFrameworksBuildPhase section */
		4A061C1C1A0C95EB00FCB249 /* Frameworks */ = {
			isa = PBXFrameworksBuildPhase;
			buildActionMask = 2147483647;
			files = (
			);
			runOnlyForDeploymentPostprocessing = 0;
		};
		4A061C311A0C95EB00FCB249 /* Frameworks */ = {
			isa = PBXFrameworksBuildPhase;
			buildActionMask = 2147483647;
			files = (
			);
			runOnlyForDeploymentPostprocessing = 0;
		};
/* End PBXFrameworksBuildPhase section */

/* Begin PBXGroup section */
		4A061C161A0C95EB00FCB249 = {
			isa = PBXGroup;
			children = (
				4A061C211A0C95EB00FCB249 /* AgeOfLaika */,
				4A061C371A0C95EB00FCB249 /* AgeOfLaikaTests */,
				4A061C201A0C95EB00FCB249 /* Products */,
			);
			sourceTree = "<group>";
		};
		4A061C201A0C95EB00FCB249 /* Products */ = {
			isa = PBXGroup;
			children = (
				4A061C1F1A0C95EB00FCB249 /* AgeOfLaika.app */,
				4A061C341A0C95EB00FCB249 /* AgeOfLaikaTests.xctest */,
			);
			name = Products;
			sourceTree = "<group>";
		};
		4A061C211A0C95EB00FCB249 /* AgeOfLaika */ = {
			isa = PBXGroup;
			children = (
				4A061C241A0C95EB00FCB249 /* AppDelegate.swift */,
				4A061C261A0C95EB00FCB249 /* ViewController.swift */,
				4A061C281A0C95EB00FCB249 /* Main.storyboard */,
				4A061C2B1A0C95EB00FCB249 /* Images.xcassets */,
				4A061C2D1A0C95EB00FCB249 /* LaunchScreen.xib */,
				4A061C221A0C95EB00FCB249 /* Supporting Files */,
			);
			path = AgeOfLaika;
			sourceTree = "<group>";
		};
		4A061C221A0C95EB00FCB249 /* Supporting Files */ = {
			isa = PBXGroup;
			children = (
				4A061C231A0C95EB00FCB249 /* Info.plist */,
			);
			name = "Supporting Files";
			sourceTree = "<group>";
		};
		4A061C371A0C95EB00FCB249 /* AgeOfLaikaTests */ = {
			isa = PBXGroup;
			children = (
				4A061C3A1A0C95EB00FCB249 /* AgeOfLaikaTests.swift */,
				4A061C381A0C95EB00FCB249 /* Supporting Files */,
			);
			path = AgeOfLaikaTests;
			sourceTree = "<group>";
		};
		4A061C381A0C95EB00FCB249 /* Supporting Files */ = {
			isa = PBXGroup;
			children = (
				4A061C391A0C95EB00FCB249 /* Info.plist */,
			);
			name = "Supporting Files";
			sourceTree = "<group>";
		};
/* End PBXGroup section */

/* Begin PBXNativeTarget section */
		4A061C1E1A0C95EB00FCB249 /* AgeOfLaika */ = {
			isa = PBXNativeTarget;
			buildConfigurationList = 4A061C3E1A0C95EB00FCB249 /* Build configuration list for PBXNativeTarget "AgeOfLaika" */;
			buildPhases = (
				4A061C1B1A0C95EB00FCB249 /* Sources */,
				4A061C1C1A0C95EB00FCB249 /* Frameworks */,
				4A061C1D1A0C95EB00FCB249 /* Resources */,
			);
			buildRules = (
			);
			dependencies = (
			);
			name = AgeOfLaika;
			productName = AgeOfLaika;
			productReference = 4A061C1F1A0C95EB00FCB249 /* AgeOfLaika.app */;
			productType = "com.apple.product-type.application";
		};
		4A061C331A0C95EB00FCB249 /* AgeOfLaikaTests */ = {
			isa = PBXNativeTarget;
			buildConfigurationList = 4A061C411A0C95EB00FCB249 /* Build configuration list for PBXNativeTarget "AgeOfLaikaTests" */;
			buildPhases = (
				4A061C301A0C95EB00FCB249 /* Sources */,
				4A061C311A0C95EB00FCB249 /* Frameworks */,
				4A061C321A0C95EB00FCB249 /* Resources */,
			);
			buildRules = (
			);
			dependencies = (
				4A061C361A0C95EB00FCB249 /* PBXTargetDependency */,
			);
			name = AgeOfLaikaTests;
			productName = AgeOfLaikaTests;
			productReference = 4A061C341A0C95EB00FCB249 /* AgeOfLaikaTests.xctest */;
			productType = "com.apple.product-type.bundle.unit-test";
		};
/* End PBXNativeTarget section */

/* Begin PBXProject section */
		4A061C171A0C95EB00FCB249 /* Project object */ = {
			isa = PBXProject;
			attributes = {
				LastUpgradeCheck = 0610;
				ORGANIZATIONNAME = "K C";
				TargetAttributes = {
					4A061C1E1A0C95EB00FCB249 = {
						CreatedOnToolsVersion = 6.1;
					};
					4A061C331A0C95EB00FCB249 = {
						CreatedOnToolsVersion = 6.1;
						TestTargetID = 4A061C1E1A0C95EB00FCB249;
					};
				};
			};
			buildConfigurationList = 4A061C1A1A0C95EB00FCB249 /* Build configuration list for PBXProject "AgeOfLaika" */;
			compatibilityVersion = "Xcode 3.2";
			developmentRegion = English;
			hasScannedForEncodings = 0;
			knownRegions = (
				en,
				Base,
			);
			mainGroup = 4A061C161A0C95EB00FCB249;
			productRefGroup = 4A061C201A0C95EB00FCB249 /* Products */;
			projectDirPath = "";
			projectRoot = "";
			targets = (
				4A061C1E1A0C95EB00FCB249 /* AgeOfLaika */,
				4A061C331A0C95EB00FCB249 /* AgeOfLaikaTests */,
			);
		};
/* End PBXProject section */

/* Begin PBXResourcesBuildPhase section */
		4A061C1D1A0C95EB00FCB249 /* Resources */ = {
			isa = PBXResourcesBuildPhase;
			buildActionMask = 2147483647;
			files = (
				4A061C2A1A0C95EB00FCB249 /* Main.storyboard in Resources */,
				4A061C2F1A0C95EB00FCB249 /* LaunchScreen.xib in Resources */,
				4A061C2C1A0C95EB00FCB249 /* Images.xcassets in Resources */,
			);
			runOnlyForDeploymentPostprocessing = 0;
		};
		4A061C321A0C95EB00FCB249 /* Resources */ = {
			isa = PBXResourcesBuildPhase;
			buildActionMask = 2147483647;
			files = (
			);
			runOnlyForDeploymentPostprocessing = 0;
		};
/* End PBXResourcesBuildPhase section */

/* Begin PBXSourcesBuildPhase section */
		4A061C1B1A0C95EB00FCB249 /* Sources */ = {
			isa = PBXSourcesBuildPhase;
			buildActionMask = 2147483647;
			files = (
				4A061C271A0C95EB00FCB249 /* ViewController.swift in Sources */,
				4A061C251A0C95EB00FCB249 /* AppDelegate.swift in Sources */,
			);
			runOnlyForDeploymentPostprocessing = 0;
		};
		4A061C301A0C95EB00FCB249 /* Sources */ = {
			isa = PBXSourcesBuildPhase;
			buildActionMask = 2147483647;
			files = (
				4A061C3B1A0C95EB00FCB249 /* AgeOfLaikaTests.swift in Sources */,
			);
			runOnlyForDeploymentPostprocessing = 0;
		};
/* End PBXSourcesBuildPhase section */

/* Begin PBXTargetDependency section */
		4A061C361A0C95EB00FCB249 /* PBXTargetDependency */ = {
			isa = PBXTargetDependency;
			target = 4A061C1E1A0C95EB00FCB249 /* AgeOfLaika */;
			targetProxy = 4A061C351A0C95EB00FCB249 /* PBXContainerItemProxy */;
		};
/* End PBXTargetDependency section */

/* Begin PBXVariantGroup section */
		4A061C281A0C95EB00FCB249 /* Main.storyboard */ = {
			isa = PBXVariantGroup;
			children = (
				4A061C291A0C95EB00FCB249 /* Base */,
			);
			name = Main.storyboard;
			sourceTree = "<group>";
		};
		4A061C2D1A0C95EB00FCB249 /* LaunchScreen.xib */ = {
			isa = PBXVariantGroup;
			children = (
				4A061C2E1A0C95EB00FCB249 /* Base */,
			);
			name = LaunchScreen.xib;
			sourceTree = "<group>";
		};
/* End PBXVariantGroup section */

/* Begin XCBuildConfiguration section */
		4A061C3C1A0C95EB00FCB249 /* Debug */ = {
			isa = XCBuildConfiguration;
			buildSettings = {
				ALWAYS_SEARCH_USER_PATHS = NO;
				CLANG_CXX_LANGUAGE_STANDARD = "gnu++0x";
				CLANG_CXX_LIBRARY = "libc++";
				CLANG_ENABLE_MODULES = YES;
				CLANG_ENABLE_OBJC_ARC = YES;
				CLANG_WARN_BOOL_CONVERSION = YES;
				CLANG_WARN_CONSTANT_CONVERSION = YES;
				CLANG_WARN_DIRECT_OBJC_ISA_USAGE = YES_ERROR;
				CLANG_WARN_EMPTY_BODY = YES;
				CLANG_WARN_ENUM_CONVERSION = YES;
				CLANG_WARN_INT_CONVERSION = YES;
				CLANG_WARN_OBJC_ROOT_CLASS = YES_ERROR;
				CLANG_WARN_UNREACHABLE_CODE = YES;
				CLANG_WARN__DUPLICATE_METHOD_MATCH = YES;
				"CODE_SIGN_IDENTITY[sdk=iphoneos*]" = "iPhone Developer";
				COPY_PHASE_STRIP = NO;
				ENABLE_STRICT_OBJC_MSGSEND = YES;
				GCC_C_LANGUAGE_STANDARD = gnu99;
				GCC_DYNAMIC_NO_PIC = NO;
				GCC_OPTIMIZATION_LEVEL = 0;
				GCC_PREPROCESSOR_DEFINITIONS = (
					"DEBUG=1",
					"$(inherited)",
				);
				GCC_SYMBOLS_PRIVATE_EXTERN = NO;
				GCC_WARN_64_TO_32_BIT_CONVERSION = YES;
				GCC_WARN_ABOUT_RETURN_TYPE = YES_ERROR;
				GCC_WARN_UNDECLARED_SELECTOR = YES;
				GCC_WARN_UNINITIALIZED_AUTOS = YES_AGGRESSIVE;
				GCC_WARN_UNUSED_FUNCTION = YES;
				GCC_WARN_UNUSED_VARIABLE = YES;
				IPHONEOS_DEPLOYMENT_TARGET = 8.1;
				MTL_ENABLE_DEBUG_INFO = YES;
				ONLY_ACTIVE_ARCH = YES;
				SDKROOT = iphoneos;
				SWIFT_OPTIMIZATION_LEVEL = "-Onone";
				TARGETED_DEVICE_FAMILY = "1,2";
			};
			name = Debug;
		};
		4A061C3D1A0C95EB00FCB249 /* Release */ = {
			isa = XCBuildConfiguration;
			buildSettings = {
				ALWAYS_SEARCH_USER_PATHS = NO;
				CLANG_CXX_LANGUAGE_STANDARD = "gnu++0x";
				CLANG_CXX_LIBRARY = "libc++";
				CLANG_ENABLE_MODULES = YES;
				CLANG_ENABLE_OBJC_ARC = YES;
				CLANG_WARN_BOOL_CONVERSION = YES;
				CLANG_WARN_CONSTANT_CONVERSION = YES;
				CLANG_WARN_DIRECT_OBJC_ISA_USAGE = YES_ERROR;
				CLANG_WARN_EMPTY_BODY = YES;
				CLANG_WARN_ENUM_CONVERSION = YES;
				CLANG_WARN_INT_CONVERSION = YES;
				CLANG_WARN_OBJC_ROOT_CLASS = YES_ERROR;
				CLANG_WARN_UNREACHABLE_CODE = YES;
				CLANG_WARN__DUPLICATE_METHOD_MATCH = YES;
				"CODE_SIGN_IDENTITY[sdk=iphoneos*]" = "iPhone Developer";
				COPY_PHASE_STRIP = YES;
				ENABLE_NS_ASSERTIONS = NO;
				ENABLE_STRICT_OBJC_MSGSEND = YES;
				GCC_C_LANGUAGE_STANDARD = gnu99;
				GCC_WARN_64_TO_32_BIT_CONVERSION = YES;
				GCC_WARN_ABOUT_RETURN_TYPE = YES_ERROR;
				GCC_WARN_UNDECLARED_SELECTOR = YES;
				GCC_WARN_UNINITIALIZED_AUTOS = YES_AGGRESSIVE;
				GCC_WARN_UNUSED_FUNCTION = YES;
				GCC_WARN_UNUSED_VARIABLE = YES;
				IPHONEOS_DEPLOYMENT_TARGET = 8.1;
				MTL_ENABLE_DEBUG_INFO = NO;
				SDKROOT = iphoneos;
				TARGETED_DEVICE_FAMILY = "1,2";
				VALIDATE_PRODUCT = YES;
			};
			name = Release;
		};
		4A061C3F1A0C95EB00FCB249 /* Debug */ = {
			isa = XCBuildConfiguration;
			buildSettings = {
				ASSETCATALOG_COMPILER_APPICON_NAME = AppIcon;
				INFOPLIST_FILE = AgeOfLaika/Info.plist;
				LD_RUNPATH_SEARCH_PATHS = "$(inherited) @executable_path/Frameworks";
				PRODUCT_NAME = "$(TARGET_NAME)";
			};
			name = Debug;
		};
		4A061C401A0C95EB00FCB249 /* Release */ = {
			isa = XCBuildConfiguration;
			buildSettings = {
				ASSETCATALOG_COMPILER_APPICON_NAME = AppIcon;
				INFOPLIST_FILE = AgeOfLaika/Info.plist;
				LD_RUNPATH_SEARCH_PATHS = "$(inherited) @executable_path/Frameworks";
				PRODUCT_NAME = "$(TARGET_NAME)";
			};
			name = Release;
		};
		4A061C421A0C95EB00FCB249 /* Debug */ = {
			isa = XCBuildConfiguration;
			buildSettings = {
				BUNDLE_LOADER = "$(TEST_HOST)";
				FRAMEWORK_SEARCH_PATHS = (
					"$(SDKROOT)/Developer/Library/Frameworks",
					"$(inherited)",
				);
				GCC_PREPROCESSOR_DEFINITIONS = (
					"DEBUG=1",
					"$(inherited)",
				);
				INFOPLIST_FILE = AgeOfLaikaTests/Info.plist;
				LD_RUNPATH_SEARCH_PATHS = "$(inherited) @executable_path/Frameworks @loader_path/Frameworks";
				PRODUCT_NAME = "$(TARGET_NAME)";
				TEST_HOST = "$(BUILT_PRODUCTS_DIR)/AgeOfLaika.app/AgeOfLaika";
			};
			name = Debug;
		};
		4A061C431A0C95EB00FCB249 /* Release */ = {
			isa = XCBuildConfiguration;
			buildSettings = {
				BUNDLE_LOADER = "$(TEST_HOST)";
				FRAMEWORK_SEARCH_PATHS = (
					"$(SDKROOT)/Developer/Library/Frameworks",
					"$(inherited)",
				);
				INFOPLIST_FILE = AgeOfLaikaTests/Info.plist;
				LD_RUNPATH_SEARCH_PATHS = "$(inherited) @executable_path/Frameworks @loader_path/Frameworks";
				PRODUCT_NAME = "$(TARGET_NAME)";
				TEST_HOST = "$(BUILT_PRODUCTS_DIR)/AgeOfLaika.app/AgeOfLaika";
			};
			name = Release;
		};
/* End XCBuildConfiguration section */

/* Begin XCConfigurationList section */
		4A061C1A1A0C95EB00FCB249 /* Build configuration list for PBXProject "AgeOfLaika" */ = {
			isa = XCConfigurationList;
			buildConfigurations = (
				4A061C3C1A0C95EB00FCB249 /* Debug */,
				4A061C3D1A0C95EB00FCB249 /* Release */,
			);
			defaultConfigurationIsVisible = 0;
			defaultConfigurationName = Release;
		};
		4A061C3E1A0C95EB00FCB249 /* Build configuration list for PBXNativeTarget "AgeOfLaika" */ = {
			isa = XCConfigurationList;
			buildConfigurations = (
				4A061C3F1A0C95EB00FCB249 /* Debug */,
				4A061C401A0C95EB00FCB249 /* Release */,
			);
			defaultConfigurationIsVisible = 0;
		};
		4A061C411A0C95EB00FCB249 /* Build configuration list for PBXNativeTarget "AgeOfLaikaTests" */ = {
			isa = XCConfigurationList;
			buildConfigurations = (
				4A061C421A0C95EB00FCB249 /* Debug */,
				4A061C431A0C95EB00FCB249 /* Release */,
			);
			defaultConfigurationIsVisible = 0;
		};
/* End XCConfigurationList section */
	};
	rootObject = 4A061C171A0C95EB00FCB249 /* Project object */;
}
